# This file is automatically @generated by Cargo.
# It is not intended for manual editing.
[[package]]
name = "aho-corasick"
version = "0.7.6"
source = "registry+https://github.com/rust-lang/crates.io-index"
dependencies = [
 "memchr 2.2.1 (registry+https://github.com/rust-lang/crates.io-index)",
]

[[package]]
name = "anyhow"
version = "1.0.34"
source = "registry+https://github.com/rust-lang/crates.io-index"

[[package]]
name = "assert_cmd"
version = "0.12.0"
source = "registry+https://github.com/rust-lang/crates.io-index"
dependencies = [
 "doc-comment 0.3.1 (registry+https://github.com/rust-lang/crates.io-index)",
 "escargot 0.5.0 (registry+https://github.com/rust-lang/crates.io-index)",
 "predicates 1.0.2 (registry+https://github.com/rust-lang/crates.io-index)",
 "predicates-core 1.0.0 (registry+https://github.com/rust-lang/crates.io-index)",
 "predicates-tree 1.0.0 (registry+https://github.com/rust-lang/crates.io-index)",
]

[[package]]
name = "autocfg"
version = "0.1.7"
source = "registry+https://github.com/rust-lang/crates.io-index"

[[package]]
name = "bitflags"
version = "1.2.1"
source = "registry+https://github.com/rust-lang/crates.io-index"

[[package]]
name = "byteorder"
version = "1.3.2"
source = "registry+https://github.com/rust-lang/crates.io-index"

[[package]]
name = "cc"
version = "1.0.48"
source = "registry+https://github.com/rust-lang/crates.io-index"

[[package]]
name = "cfg-if"
version = "0.1.10"
source = "registry+https://github.com/rust-lang/crates.io-index"

[[package]]
name = "cranelift"
version = "0.68.0"
source = "registry+https://github.com/rust-lang/crates.io-index"
dependencies = [
 "cranelift-codegen 0.68.0 (registry+https://github.com/rust-lang/crates.io-index)",
 "cranelift-frontend 0.68.0 (registry+https://github.com/rust-lang/crates.io-index)",
]

[[package]]
name = "cranelift-bforest"
version = "0.68.0"
source = "registry+https://github.com/rust-lang/crates.io-index"
dependencies = [
 "cranelift-entity 0.68.0 (registry+https://github.com/rust-lang/crates.io-index)",
]

[[package]]
name = "cranelift-codegen"
version = "0.68.0"
source = "registry+https://github.com/rust-lang/crates.io-index"
dependencies = [
 "byteorder 1.3.2 (registry+https://github.com/rust-lang/crates.io-index)",
 "cranelift-bforest 0.68.0 (registry+https://github.com/rust-lang/crates.io-index)",
 "cranelift-codegen-meta 0.68.0 (registry+https://github.com/rust-lang/crates.io-index)",
 "cranelift-codegen-shared 0.68.0 (registry+https://github.com/rust-lang/crates.io-index)",
 "cranelift-entity 0.68.0 (registry+https://github.com/rust-lang/crates.io-index)",
 "log 0.4.8 (registry+https://github.com/rust-lang/crates.io-index)",
 "regalloc 0.0.31 (registry+https://github.com/rust-lang/crates.io-index)",
 "smallvec 1.0.0 (registry+https://github.com/rust-lang/crates.io-index)",
 "target-lexicon 0.11.1 (registry+https://github.com/rust-lang/crates.io-index)",
 "thiserror 1.0.8 (registry+https://github.com/rust-lang/crates.io-index)",
]

[[package]]
name = "cranelift-codegen-meta"
version = "0.68.0"
source = "registry+https://github.com/rust-lang/crates.io-index"
dependencies = [
 "cranelift-codegen-shared 0.68.0 (registry+https://github.com/rust-lang/crates.io-index)",
 "cranelift-entity 0.68.0 (registry+https://github.com/rust-lang/crates.io-index)",
]

[[package]]
name = "cranelift-codegen-shared"
version = "0.68.0"
source = "registry+https://github.com/rust-lang/crates.io-index"

[[package]]
name = "cranelift-entity"
version = "0.68.0"
source = "registry+https://github.com/rust-lang/crates.io-index"

[[package]]
name = "cranelift-frontend"
version = "0.68.0"
source = "registry+https://github.com/rust-lang/crates.io-index"
dependencies = [
 "cranelift-codegen 0.68.0 (registry+https://github.com/rust-lang/crates.io-index)",
 "log 0.4.8 (registry+https://github.com/rust-lang/crates.io-index)",
 "smallvec 1.0.0 (registry+https://github.com/rust-lang/crates.io-index)",
 "target-lexicon 0.11.1 (registry+https://github.com/rust-lang/crates.io-index)",
]

[[package]]
name = "cranelift-module"
version = "0.68.0"
source = "registry+https://github.com/rust-lang/crates.io-index"
dependencies = [
 "anyhow 1.0.34 (registry+https://github.com/rust-lang/crates.io-index)",
 "cranelift-codegen 0.68.0 (registry+https://github.com/rust-lang/crates.io-index)",
 "cranelift-entity 0.68.0 (registry+https://github.com/rust-lang/crates.io-index)",
 "log 0.4.8 (registry+https://github.com/rust-lang/crates.io-index)",
 "thiserror 1.0.8 (registry+https://github.com/rust-lang/crates.io-index)",
]

[[package]]
name = "cranelift-native"
version = "0.68.0"
source = "registry+https://github.com/rust-lang/crates.io-index"
dependencies = [
 "cranelift-codegen 0.68.0 (registry+https://github.com/rust-lang/crates.io-index)",
 "raw-cpuid 7.0.3 (registry+https://github.com/rust-lang/crates.io-index)",
 "target-lexicon 0.11.1 (registry+https://github.com/rust-lang/crates.io-index)",
]

[[package]]
name = "cranelift-object"
version = "0.68.0"
source = "registry+https://github.com/rust-lang/crates.io-index"
dependencies = [
 "anyhow 1.0.34 (registry+https://github.com/rust-lang/crates.io-index)",
 "cranelift-codegen 0.68.0 (registry+https://github.com/rust-lang/crates.io-index)",
 "cranelift-module 0.68.0 (registry+https://github.com/rust-lang/crates.io-index)",
 "log 0.4.8 (registry+https://github.com/rust-lang/crates.io-index)",
 "object 0.21.1 (registry+https://github.com/rust-lang/crates.io-index)",
 "target-lexicon 0.11.1 (registry+https://github.com/rust-lang/crates.io-index)",
]

[[package]]
name = "cranelift-simplejit"
version = "0.68.0"
source = "registry+https://github.com/rust-lang/crates.io-index"
dependencies = [
 "cranelift-codegen 0.68.0 (registry+https://github.com/rust-lang/crates.io-index)",
 "cranelift-entity 0.68.0 (registry+https://github.com/rust-lang/crates.io-index)",
 "cranelift-module 0.68.0 (registry+https://github.com/rust-lang/crates.io-index)",
 "cranelift-native 0.68.0 (registry+https://github.com/rust-lang/crates.io-index)",
 "errno 0.2.4 (registry+https://github.com/rust-lang/crates.io-index)",
 "libc 0.2.66 (registry+https://github.com/rust-lang/crates.io-index)",
 "log 0.4.8 (registry+https://github.com/rust-lang/crates.io-index)",
 "region 2.2.0 (registry+https://github.com/rust-lang/crates.io-index)",
 "target-lexicon 0.11.1 (registry+https://github.com/rust-lang/crates.io-index)",
 "winapi 0.3.8 (registry+https://github.com/rust-lang/crates.io-index)",
]

[[package]]
name = "crc32fast"
version = "1.2.0"
source = "registry+https://github.com/rust-lang/crates.io-index"
dependencies = [
 "cfg-if 0.1.10 (registry+https://github.com/rust-lang/crates.io-index)",
]

[[package]]
name = "difference"
version = "2.0.0"
source = "registry+https://github.com/rust-lang/crates.io-index"

[[package]]
name = "doc-comment"
version = "0.3.1"
source = "registry+https://github.com/rust-lang/crates.io-index"

[[package]]
name = "errno"
version = "0.2.4"
source = "registry+https://github.com/rust-lang/crates.io-index"
dependencies = [
 "errno-dragonfly 0.1.1 (registry+https://github.com/rust-lang/crates.io-index)",
 "libc 0.2.66 (registry+https://github.com/rust-lang/crates.io-index)",
 "winapi 0.3.8 (registry+https://github.com/rust-lang/crates.io-index)",
]

[[package]]
name = "errno-dragonfly"
version = "0.1.1"
source = "registry+https://github.com/rust-lang/crates.io-index"
dependencies = [
 "gcc 0.3.55 (registry+https://github.com/rust-lang/crates.io-index)",
 "libc 0.2.66 (registry+https://github.com/rust-lang/crates.io-index)",
]

[[package]]
name = "escargot"
version = "0.5.0"
source = "registry+https://github.com/rust-lang/crates.io-index"
dependencies = [
 "lazy_static 1.4.0 (registry+https://github.com/rust-lang/crates.io-index)",
 "log 0.4.8 (registry+https://github.com/rust-lang/crates.io-index)",
 "serde 1.0.103 (registry+https://github.com/rust-lang/crates.io-index)",
 "serde_json 1.0.42 (registry+https://github.com/rust-lang/crates.io-index)",
]

[[package]]
name = "float-cmp"
version = "0.5.3"
source = "registry+https://github.com/rust-lang/crates.io-index"
dependencies = [
 "num-traits 0.2.10 (registry+https://github.com/rust-lang/crates.io-index)",
]

[[package]]
name = "fuchsia-cprng"
version = "0.1.1"
source = "registry+https://github.com/rust-lang/crates.io-index"

[[package]]
name = "gcc"
version = "0.3.55"
source = "registry+https://github.com/rust-lang/crates.io-index"

[[package]]
name = "indexmap"
version = "1.3.0"
source = "registry+https://github.com/rust-lang/crates.io-index"
dependencies = [
 "autocfg 0.1.7 (registry+https://github.com/rust-lang/crates.io-index)",
]

[[package]]
name = "itoa"
version = "0.4.4"
source = "registry+https://github.com/rust-lang/crates.io-index"

[[package]]
name = "lazy_static"
version = "1.4.0"
source = "registry+https://github.com/rust-lang/crates.io-index"

[[package]]
name = "libc"
version = "0.2.66"
source = "registry+https://github.com/rust-lang/crates.io-index"

[[package]]
name = "log"
version = "0.4.8"
source = "registry+https://github.com/rust-lang/crates.io-index"
dependencies = [
 "cfg-if 0.1.10 (registry+https://github.com/rust-lang/crates.io-index)",
]

[[package]]
name = "mach"
version = "0.3.2"
source = "registry+https://github.com/rust-lang/crates.io-index"
dependencies = [
 "libc 0.2.66 (registry+https://github.com/rust-lang/crates.io-index)",
]

[[package]]
name = "memchr"
version = "2.2.1"
source = "registry+https://github.com/rust-lang/crates.io-index"

[[package]]
name = "nom"
version = "5.0.1"
source = "registry+https://github.com/rust-lang/crates.io-index"
dependencies = [
 "memchr 2.2.1 (registry+https://github.com/rust-lang/crates.io-index)",
 "version_check 0.1.5 (registry+https://github.com/rust-lang/crates.io-index)",
]

[[package]]
name = "normalize-line-endings"
version = "0.2.2"
source = "registry+https://github.com/rust-lang/crates.io-index"

[[package]]
name = "num"
version = "0.1.42"
source = "registry+https://github.com/rust-lang/crates.io-index"
dependencies = [
 "num-bigint 0.1.44 (registry+https://github.com/rust-lang/crates.io-index)",
 "num-complex 0.1.43 (registry+https://github.com/rust-lang/crates.io-index)",
 "num-integer 0.1.41 (registry+https://github.com/rust-lang/crates.io-index)",
 "num-iter 0.1.39 (registry+https://github.com/rust-lang/crates.io-index)",
 "num-rational 0.1.42 (registry+https://github.com/rust-lang/crates.io-index)",
 "num-traits 0.2.10 (registry+https://github.com/rust-lang/crates.io-index)",
]

[[package]]
name = "num-bigint"
version = "0.1.44"
source = "registry+https://github.com/rust-lang/crates.io-index"
dependencies = [
 "num-integer 0.1.41 (registry+https://github.com/rust-lang/crates.io-index)",
 "num-traits 0.2.10 (registry+https://github.com/rust-lang/crates.io-index)",
 "rand 0.4.6 (registry+https://github.com/rust-lang/crates.io-index)",
 "rustc-serialize 0.3.24 (registry+https://github.com/rust-lang/crates.io-index)",
]

[[package]]
name = "num-complex"
version = "0.1.43"
source = "registry+https://github.com/rust-lang/crates.io-index"
dependencies = [
 "num-traits 0.2.10 (registry+https://github.com/rust-lang/crates.io-index)",
 "rustc-serialize 0.3.24 (registry+https://github.com/rust-lang/crates.io-index)",
]

[[package]]
name = "num-integer"
version = "0.1.41"
source = "registry+https://github.com/rust-lang/crates.io-index"
dependencies = [
 "autocfg 0.1.7 (registry+https://github.com/rust-lang/crates.io-index)",
 "num-traits 0.2.10 (registry+https://github.com/rust-lang/crates.io-index)",
]

[[package]]
name = "num-iter"
version = "0.1.39"
source = "registry+https://github.com/rust-lang/crates.io-index"
dependencies = [
 "autocfg 0.1.7 (registry+https://github.com/rust-lang/crates.io-index)",
 "num-integer 0.1.41 (registry+https://github.com/rust-lang/crates.io-index)",
 "num-traits 0.2.10 (registry+https://github.com/rust-lang/crates.io-index)",
]

[[package]]
name = "num-rational"
version = "0.1.42"
source = "registry+https://github.com/rust-lang/crates.io-index"
dependencies = [
 "num-bigint 0.1.44 (registry+https://github.com/rust-lang/crates.io-index)",
 "num-integer 0.1.41 (registry+https://github.com/rust-lang/crates.io-index)",
 "num-traits 0.2.10 (registry+https://github.com/rust-lang/crates.io-index)",
 "rustc-serialize 0.3.24 (registry+https://github.com/rust-lang/crates.io-index)",
]

[[package]]
name = "num-traits"
version = "0.2.10"
source = "registry+https://github.com/rust-lang/crates.io-index"
dependencies = [
 "autocfg 0.1.7 (registry+https://github.com/rust-lang/crates.io-index)",
]

[[package]]
name = "object"
version = "0.21.1"
source = "registry+https://github.com/rust-lang/crates.io-index"
dependencies = [
 "crc32fast 1.2.0 (registry+https://github.com/rust-lang/crates.io-index)",
 "indexmap 1.3.0 (registry+https://github.com/rust-lang/crates.io-index)",
]

[[package]]
name = "predicates"
version = "1.0.2"
source = "registry+https://github.com/rust-lang/crates.io-index"
dependencies = [
 "difference 2.0.0 (registry+https://github.com/rust-lang/crates.io-index)",
 "float-cmp 0.5.3 (registry+https://github.com/rust-lang/crates.io-index)",
 "normalize-line-endings 0.2.2 (registry+https://github.com/rust-lang/crates.io-index)",
 "predicates-core 1.0.0 (registry+https://github.com/rust-lang/crates.io-index)",
 "regex 1.3.1 (registry+https://github.com/rust-lang/crates.io-index)",
]

[[package]]
name = "predicates-core"
version = "1.0.0"
source = "registry+https://github.com/rust-lang/crates.io-index"

[[package]]
name = "predicates-tree"
version = "1.0.0"
source = "registry+https://github.com/rust-lang/crates.io-index"
dependencies = [
 "predicates-core 1.0.0 (registry+https://github.com/rust-lang/crates.io-index)",
 "treeline 0.1.0 (registry+https://github.com/rust-lang/crates.io-index)",
]

[[package]]
name = "proc-macro2"
version = "1.0.6"
source = "registry+https://github.com/rust-lang/crates.io-index"
dependencies = [
 "unicode-xid 0.2.0 (registry+https://github.com/rust-lang/crates.io-index)",
]

[[package]]
name = "quote"
version = "1.0.2"
source = "registry+https://github.com/rust-lang/crates.io-index"
dependencies = [
 "proc-macro2 1.0.6 (registry+https://github.com/rust-lang/crates.io-index)",
]

[[package]]
name = "rand"
version = "0.4.6"
source = "registry+https://github.com/rust-lang/crates.io-index"
dependencies = [
 "fuchsia-cprng 0.1.1 (registry+https://github.com/rust-lang/crates.io-index)",
 "libc 0.2.66 (registry+https://github.com/rust-lang/crates.io-index)",
 "rand_core 0.3.1 (registry+https://github.com/rust-lang/crates.io-index)",
 "rdrand 0.4.0 (registry+https://github.com/rust-lang/crates.io-index)",
 "winapi 0.3.8 (registry+https://github.com/rust-lang/crates.io-index)",
]

[[package]]
name = "rand_core"
version = "0.3.1"
source = "registry+https://github.com/rust-lang/crates.io-index"
dependencies = [
 "rand_core 0.4.2 (registry+https://github.com/rust-lang/crates.io-index)",
]

[[package]]
name = "rand_core"
version = "0.4.2"
source = "registry+https://github.com/rust-lang/crates.io-index"

[[package]]
name = "raw-cpuid"
version = "7.0.3"
source = "registry+https://github.com/rust-lang/crates.io-index"
dependencies = [
 "bitflags 1.2.1 (registry+https://github.com/rust-lang/crates.io-index)",
 "cc 1.0.48 (registry+https://github.com/rust-lang/crates.io-index)",
 "rustc_version 0.2.3 (registry+https://github.com/rust-lang/crates.io-index)",
]

[[package]]
name = "rdrand"
version = "0.4.0"
source = "registry+https://github.com/rust-lang/crates.io-index"
dependencies = [
 "rand_core 0.3.1 (registry+https://github.com/rust-lang/crates.io-index)",
]

[[package]]
name = "regalloc"
version = "0.0.31"
source = "registry+https://github.com/rust-lang/crates.io-index"
dependencies = [
 "log 0.4.8 (registry+https://github.com/rust-lang/crates.io-index)",
 "rustc-hash 1.1.0 (registry+https://github.com/rust-lang/crates.io-index)",
 "smallvec 1.0.0 (registry+https://github.com/rust-lang/crates.io-index)",
]

[[package]]
name = "regex"
version = "1.3.1"
source = "registry+https://github.com/rust-lang/crates.io-index"
dependencies = [
 "aho-corasick 0.7.6 (registry+https://github.com/rust-lang/crates.io-index)",
 "memchr 2.2.1 (registry+https://github.com/rust-lang/crates.io-index)",
 "regex-syntax 0.6.12 (registry+https://github.com/rust-lang/crates.io-index)",
 "thread_local 0.3.6 (registry+https://github.com/rust-lang/crates.io-index)",
]

[[package]]
name = "regex-syntax"
version = "0.6.12"
source = "registry+https://github.com/rust-lang/crates.io-index"

[[package]]
name = "region"
version = "2.2.0"
source = "registry+https://github.com/rust-lang/crates.io-index"
dependencies = [
 "bitflags 1.2.1 (registry+https://github.com/rust-lang/crates.io-index)",
 "libc 0.2.66 (registry+https://github.com/rust-lang/crates.io-index)",
 "mach 0.3.2 (registry+https://github.com/rust-lang/crates.io-index)",
 "winapi 0.3.8 (registry+https://github.com/rust-lang/crates.io-index)",
]

[[package]]
name = "rustc-hash"
version = "1.1.0"
source = "registry+https://github.com/rust-lang/crates.io-index"

[[package]]
name = "rustc-serialize"
version = "0.3.24"
source = "registry+https://github.com/rust-lang/crates.io-index"

[[package]]
name = "rustc_version"
version = "0.2.3"
source = "registry+https://github.com/rust-lang/crates.io-index"
dependencies = [
 "semver 0.9.0 (registry+https://github.com/rust-lang/crates.io-index)",
]

[[package]]
name = "ryu"
version = "1.0.2"
source = "registry+https://github.com/rust-lang/crates.io-index"

[[package]]
name = "semver"
version = "0.9.0"
source = "registry+https://github.com/rust-lang/crates.io-index"
dependencies = [
 "semver-parser 0.7.0 (registry+https://github.com/rust-lang/crates.io-index)",
]

[[package]]
name = "semver-parser"
version = "0.7.0"
source = "registry+https://github.com/rust-lang/crates.io-index"

[[package]]
name = "serde"
version = "1.0.103"
source = "registry+https://github.com/rust-lang/crates.io-index"
dependencies = [
 "serde_derive 1.0.103 (registry+https://github.com/rust-lang/crates.io-index)",
]

[[package]]
name = "serde_derive"
version = "1.0.103"
source = "registry+https://github.com/rust-lang/crates.io-index"
dependencies = [
 "proc-macro2 1.0.6 (registry+https://github.com/rust-lang/crates.io-index)",
 "quote 1.0.2 (registry+https://github.com/rust-lang/crates.io-index)",
 "syn 1.0.11 (registry+https://github.com/rust-lang/crates.io-index)",
]

[[package]]
name = "serde_json"
version = "1.0.42"
source = "registry+https://github.com/rust-lang/crates.io-index"
dependencies = [
 "itoa 0.4.4 (registry+https://github.com/rust-lang/crates.io-index)",
 "ryu 1.0.2 (registry+https://github.com/rust-lang/crates.io-index)",
 "serde 1.0.103 (registry+https://github.com/rust-lang/crates.io-index)",
]

[[package]]
name = "smallvec"
version = "1.0.0"
source = "registry+https://github.com/rust-lang/crates.io-index"

[[package]]
name = "sparkle"
version = "0.1.0"
dependencies = [
 "assert_cmd 0.12.0 (registry+https://github.com/rust-lang/crates.io-index)",
 "cc 1.0.48 (registry+https://github.com/rust-lang/crates.io-index)",
 "cranelift 0.68.0 (registry+https://github.com/rust-lang/crates.io-index)",
 "cranelift-module 0.68.0 (registry+https://github.com/rust-lang/crates.io-index)",
 "cranelift-object 0.68.0 (registry+https://github.com/rust-lang/crates.io-index)",
 "cranelift-simplejit 0.68.0 (registry+https://github.com/rust-lang/crates.io-index)",
 "nom 5.0.1 (registry+https://github.com/rust-lang/crates.io-index)",
 "predicates 1.0.2 (registry+https://github.com/rust-lang/crates.io-index)",
 "spectral 0.6.0 (registry+https://github.com/rust-lang/crates.io-index)",
 "target-lexicon 0.11.1 (registry+https://github.com/rust-lang/crates.io-index)",
]

[[package]]
name = "spectral"
version = "0.6.0"
source = "registry+https://github.com/rust-lang/crates.io-index"
dependencies = [
 "num 0.1.42 (registry+https://github.com/rust-lang/crates.io-index)",
]

[[package]]
name = "syn"
version = "1.0.11"
source = "registry+https://github.com/rust-lang/crates.io-index"
dependencies = [
 "proc-macro2 1.0.6 (registry+https://github.com/rust-lang/crates.io-index)",
 "quote 1.0.2 (registry+https://github.com/rust-lang/crates.io-index)",
 "unicode-xid 0.2.0 (registry+https://github.com/rust-lang/crates.io-index)",
]

[[package]]
name = "target-lexicon"
version = "0.11.1"
source = "registry+https://github.com/rust-lang/crates.io-index"

[[package]]
name = "thiserror"
version = "1.0.8"
source = "registry+https://github.com/rust-lang/crates.io-index"
dependencies = [
 "thiserror-impl 1.0.8 (registry+https://github.com/rust-lang/crates.io-index)",
]

[[package]]
name = "thiserror-impl"
version = "1.0.8"
source = "registry+https://github.com/rust-lang/crates.io-index"
dependencies = [
 "proc-macro2 1.0.6 (registry+https://github.com/rust-lang/crates.io-index)",
 "quote 1.0.2 (registry+https://github.com/rust-lang/crates.io-index)",
 "syn 1.0.11 (registry+https://github.com/rust-lang/crates.io-index)",
]

[[package]]
name = "thread_local"
version = "0.3.6"
source = "registry+https://github.com/rust-lang/crates.io-index"
dependencies = [
 "lazy_static 1.4.0 (registry+https://github.com/rust-lang/crates.io-index)",
]

[[package]]
name = "treeline"
version = "0.1.0"
source = "registry+https://github.com/rust-lang/crates.io-index"

[[package]]
name = "unicode-xid"
version = "0.2.0"
source = "registry+https://github.com/rust-lang/crates.io-index"

[[package]]
name = "version_check"
version = "0.1.5"
source = "registry+https://github.com/rust-lang/crates.io-index"

[[package]]
name = "winapi"
version = "0.3.8"
source = "registry+https://github.com/rust-lang/crates.io-index"
dependencies = [
 "winapi-i686-pc-windows-gnu 0.4.0 (registry+https://github.com/rust-lang/crates.io-index)",
 "winapi-x86_64-pc-windows-gnu 0.4.0 (registry+https://github.com/rust-lang/crates.io-index)",
]

[[package]]
name = "winapi-i686-pc-windows-gnu"
version = "0.4.0"
source = "registry+https://github.com/rust-lang/crates.io-index"

[[package]]
name = "winapi-x86_64-pc-windows-gnu"
version = "0.4.0"
source = "registry+https://github.com/rust-lang/crates.io-index"

[metadata]
"checksum aho-corasick 0.7.6 (registry+https://github.com/rust-lang/crates.io-index)" = "58fb5e95d83b38284460a5fda7d6470aa0b8844d283a0b614b8535e880800d2d"
"checksum anyhow 1.0.34 (registry+https://github.com/rust-lang/crates.io-index)" = "bf8dcb5b4bbaa28653b647d8c77bd4ed40183b48882e130c1f1ffb73de069fd7"
"checksum assert_cmd 0.12.0 (registry+https://github.com/rust-lang/crates.io-index)" = "6283bac8dd7226470d491bc4737816fea4ca1fba7a2847f2e9097fd6bfb4624c"
"checksum autocfg 0.1.7 (registry+https://github.com/rust-lang/crates.io-index)" = "1d49d90015b3c36167a20fe2810c5cd875ad504b39cff3d4eae7977e6b7c1cb2"
"checksum bitflags 1.2.1 (registry+https://github.com/rust-lang/crates.io-index)" = "cf1de2fe8c75bc145a2f577add951f8134889b4795d47466a54a5c846d691693"
"checksum byteorder 1.3.2 (registry+https://github.com/rust-lang/crates.io-index)" = "a7c3dd8985a7111efc5c80b44e23ecdd8c007de8ade3b96595387e812b957cf5"
"checksum cc 1.0.48 (registry+https://github.com/rust-lang/crates.io-index)" = "f52a465a666ca3d838ebbf08b241383421412fe7ebb463527bba275526d89f76"
"checksum cfg-if 0.1.10 (registry+https://github.com/rust-lang/crates.io-index)" = "4785bdd1c96b2a846b2bd7cc02e86b6b3dbf14e7e53446c4f54c92a361040822"
"checksum cranelift 0.68.0 (registry+https://github.com/rust-lang/crates.io-index)" = "60686f89c5145bc9a961dabbb83954baa429bde4c5977a0a5d3f8552f2990273"
"checksum cranelift-bforest 0.68.0 (registry+https://github.com/rust-lang/crates.io-index)" = "9221545c0507dc08a62b2d8b5ffe8e17ac580b0a74d1813b496b8d70b070fbd0"
"checksum cranelift-codegen 0.68.0 (registry+https://github.com/rust-lang/crates.io-index)" = "7e9936ea608b6cd176f107037f6adbb4deac933466fc7231154f96598b2d3ab1"
"checksum cranelift-codegen-meta 0.68.0 (registry+https://github.com/rust-lang/crates.io-index)" = "4ef2b2768568306540f4c8db3acce9105534d34c4a1e440529c1e702d7f8c8d7"
"checksum cranelift-codegen-shared 0.68.0 (registry+https://github.com/rust-lang/crates.io-index)" = "6759012d6d19c4caec95793f052613e9d4113e925e7f14154defbac0f1d4c938"
"checksum cranelift-entity 0.68.0 (registry+https://github.com/rust-lang/crates.io-index)" = "86badbce14e15f52a45b666b38abe47b204969dd7f8fb7488cb55dd46b361fa6"
"checksum cranelift-frontend 0.68.0 (registry+https://github.com/rust-lang/crates.io-index)" = "b608bb7656c554d0a4cf8f50c7a10b857e80306f6ff829ad6d468a7e2323c8d8"
"checksum cranelift-module 0.68.0 (registry+https://github.com/rust-lang/crates.io-index)" = "fdaf0b5c93a610ff988fe5e2adbb7f6afa89cf702ca41acc3479dc35638d3a8d"
"checksum cranelift-native 0.68.0 (registry+https://github.com/rust-lang/crates.io-index)" = "5246a1af14b7812ee4d94a3f0c4b295ec02c370c08b0ecc3dec512890fdad175"
"checksum cranelift-object 0.68.0 (registry+https://github.com/rust-lang/crates.io-index)" = "7dfd0a20ad57351588d9c1b076ad5fbd3cd9948940ce5c051b2e6379b823d3eb"
"checksum cranelift-simplejit 0.68.0 (registry+https://github.com/rust-lang/crates.io-index)" = "b2522ebdff6ba637c0b5e75bc3d40cc990ac1128e13547b740f10fc7b16d3991"
"checksum crc32fast 1.2.0 (registry+https://github.com/rust-lang/crates.io-index)" = "ba125de2af0df55319f41944744ad91c71113bf74a4646efff39afe1f6842db1"
"checksum difference 2.0.0 (registry+https://github.com/rust-lang/crates.io-index)" = "524cbf6897b527295dff137cec09ecf3a05f4fddffd7dfcd1585403449e74198"
"checksum doc-comment 0.3.1 (registry+https://github.com/rust-lang/crates.io-index)" = "923dea538cea0aa3025e8685b20d6ee21ef99c4f77e954a30febbaac5ec73a97"
"checksum errno 0.2.4 (registry+https://github.com/rust-lang/crates.io-index)" = "c2a071601ed01b988f896ab14b95e67335d1eeb50190932a1320f7fe3cadc84e"
"checksum errno-dragonfly 0.1.1 (registry+https://github.com/rust-lang/crates.io-index)" = "14ca354e36190500e1e1fb267c647932382b54053c50b14970856c0b00a35067"
"checksum escargot 0.5.0 (registry+https://github.com/rust-lang/crates.io-index)" = "74cf96bec282dcdb07099f7e31d9fed323bca9435a09aba7b6d99b7617bca96d"
"checksum float-cmp 0.5.3 (registry+https://github.com/rust-lang/crates.io-index)" = "75224bec9bfe1a65e2d34132933f2de7fe79900c96a0174307554244ece8150e"
"checksum fuchsia-cprng 0.1.1 (registry+https://github.com/rust-lang/crates.io-index)" = "a06f77d526c1a601b7c4cdd98f54b5eaabffc14d5f2f0296febdc7f357c6d3ba"
"checksum gcc 0.3.55 (registry+https://github.com/rust-lang/crates.io-index)" = "8f5f3913fa0bfe7ee1fd8248b6b9f42a5af4b9d65ec2dd2c3c26132b950ecfc2"
"checksum indexmap 1.3.0 (registry+https://github.com/rust-lang/crates.io-index)" = "712d7b3ea5827fcb9d4fda14bf4da5f136f0db2ae9c8f4bd4e2d1c6fde4e6db2"
"checksum itoa 0.4.4 (registry+https://github.com/rust-lang/crates.io-index)" = "501266b7edd0174f8530248f87f99c88fbe60ca4ef3dd486835b8d8d53136f7f"
"checksum lazy_static 1.4.0 (registry+https://github.com/rust-lang/crates.io-index)" = "e2abad23fbc42b3700f2f279844dc832adb2b2eb069b2df918f455c4e18cc646"
"checksum libc 0.2.66 (registry+https://github.com/rust-lang/crates.io-index)" = "d515b1f41455adea1313a4a2ac8a8a477634fbae63cc6100e3aebb207ce61558"
"checksum log 0.4.8 (registry+https://github.com/rust-lang/crates.io-index)" = "14b6052be84e6b71ab17edffc2eeabf5c2c3ae1fdb464aae35ac50c67a44e1f7"
"checksum mach 0.3.2 (registry+https://github.com/rust-lang/crates.io-index)" = "b823e83b2affd8f40a9ee8c29dbc56404c1e34cd2710921f2801e2cf29527afa"
"checksum memchr 2.2.1 (registry+https://github.com/rust-lang/crates.io-index)" = "88579771288728879b57485cc7d6b07d648c9f0141eb955f8ab7f9d45394468e"
"checksum nom 5.0.1 (registry+https://github.com/rust-lang/crates.io-index)" = "c618b63422da4401283884e6668d39f819a106ef51f5f59b81add00075da35ca"
"checksum normalize-line-endings 0.2.2 (registry+https://github.com/rust-lang/crates.io-index)" = "2e0a1a39eab95caf4f5556da9289b9e68f0aafac901b2ce80daaf020d3b733a8"
"checksum num 0.1.42 (registry+https://github.com/rust-lang/crates.io-index)" = "4703ad64153382334aa8db57c637364c322d3372e097840c72000dabdcf6156e"
"checksum num-bigint 0.1.44 (registry+https://github.com/rust-lang/crates.io-index)" = "e63899ad0da84ce718c14936262a41cee2c79c981fc0a0e7c7beb47d5a07e8c1"
"checksum num-complex 0.1.43 (registry+https://github.com/rust-lang/crates.io-index)" = "b288631d7878aaf59442cffd36910ea604ecd7745c36054328595114001c9656"
"checksum num-integer 0.1.41 (registry+https://github.com/rust-lang/crates.io-index)" = "b85e541ef8255f6cf42bbfe4ef361305c6c135d10919ecc26126c4e5ae94bc09"
"checksum num-iter 0.1.39 (registry+https://github.com/rust-lang/crates.io-index)" = "76bd5272412d173d6bf9afdf98db8612bbabc9a7a830b7bfc9c188911716132e"
"checksum num-rational 0.1.42 (registry+https://github.com/rust-lang/crates.io-index)" = "ee314c74bd753fc86b4780aa9475da469155f3848473a261d2d18e35245a784e"
"checksum num-traits 0.2.10 (registry+https://github.com/rust-lang/crates.io-index)" = "d4c81ffc11c212fa327657cb19dd85eb7419e163b5b076bede2bdb5c974c07e4"
"checksum object 0.21.1 (registry+https://github.com/rust-lang/crates.io-index)" = "37fd5004feb2ce328a52b0b3d01dbf4ffff72583493900ed15f22d4111c51693"
"checksum predicates 1.0.2 (registry+https://github.com/rust-lang/crates.io-index)" = "a9bfe52247e5cc9b2f943682a85a5549fb9662245caf094504e69a2f03fe64d4"
"checksum predicates-core 1.0.0 (registry+https://github.com/rust-lang/crates.io-index)" = "06075c3a3e92559ff8929e7a280684489ea27fe44805174c3ebd9328dcb37178"
"checksum predicates-tree 1.0.0 (registry+https://github.com/rust-lang/crates.io-index)" = "8e63c4859013b38a76eca2414c64911fba30def9e3202ac461a2d22831220124"
"checksum proc-macro2 1.0.6 (registry+https://github.com/rust-lang/crates.io-index)" = "9c9e470a8dc4aeae2dee2f335e8f533e2d4b347e1434e5671afc49b054592f27"
"checksum quote 1.0.2 (registry+https://github.com/rust-lang/crates.io-index)" = "053a8c8bcc71fcce321828dc897a98ab9760bef03a4fc36693c231e5b3216cfe"
"checksum rand 0.4.6 (registry+https://github.com/rust-lang/crates.io-index)" = "552840b97013b1a26992c11eac34bdd778e464601a4c2054b5f0bff7c6761293"
"checksum rand_core 0.3.1 (registry+https://github.com/rust-lang/crates.io-index)" = "7a6fdeb83b075e8266dcc8762c22776f6877a63111121f5f8c7411e5be7eed4b"
"checksum rand_core 0.4.2 (registry+https://github.com/rust-lang/crates.io-index)" = "9c33a3c44ca05fa6f1807d8e6743f3824e8509beca625669633be0acbdf509dc"
"checksum raw-cpuid 7.0.3 (registry+https://github.com/rust-lang/crates.io-index)" = "b4a349ca83373cfa5d6dbb66fd76e58b2cca08da71a5f6400de0a0a6a9bceeaf"
"checksum rdrand 0.4.0 (registry+https://github.com/rust-lang/crates.io-index)" = "678054eb77286b51581ba43620cc911abf02758c91f93f479767aed0f90458b2"
"checksum regalloc 0.0.31 (registry+https://github.com/rust-lang/crates.io-index)" = "571f7f397d61c4755285cd37853fe8e03271c243424a907415909379659381c5"
"checksum regex 1.3.1 (registry+https://github.com/rust-lang/crates.io-index)" = "dc220bd33bdce8f093101afe22a037b8eb0e5af33592e6a9caafff0d4cb81cbd"
"checksum regex-syntax 0.6.12 (registry+https://github.com/rust-lang/crates.io-index)" = "11a7e20d1cce64ef2fed88b66d347f88bd9babb82845b2b858f3edbf59a4f716"
"checksum region 2.2.0 (registry+https://github.com/rust-lang/crates.io-index)" = "877e54ea2adcd70d80e9179344c97f93ef0dffd6b03e1f4529e6e83ab2fa9ae0"
"checksum rustc-hash 1.1.0 (registry+https://github.com/rust-lang/crates.io-index)" = "08d43f7aa6b08d49f382cde6a7982047c3426db949b1424bc4b7ec9ae12c6ce2"
"checksum rustc-serialize 0.3.24 (registry+https://github.com/rust-lang/crates.io-index)" = "dcf128d1287d2ea9d80910b5f1120d0b8eede3fbf1abe91c40d39ea7d51e6fda"
"checksum rustc_version 0.2.3 (registry+https://github.com/rust-lang/crates.io-index)" = "138e3e0acb6c9fb258b19b67cb8abd63c00679d2851805ea151465464fe9030a"
"checksum ryu 1.0.2 (registry+https://github.com/rust-lang/crates.io-index)" = "bfa8506c1de11c9c4e4c38863ccbe02a305c8188e85a05a784c9e11e1c3910c8"
"checksum semver 0.9.0 (registry+https://github.com/rust-lang/crates.io-index)" = "1d7eb9ef2c18661902cc47e535f9bc51b78acd254da71d375c2f6720d9a40403"
"checksum semver-parser 0.7.0 (registry+https://github.com/rust-lang/crates.io-index)" = "388a1df253eca08550bef6c72392cfe7c30914bf41df5269b68cbd6ff8f570a3"
"checksum serde 1.0.103 (registry+https://github.com/rust-lang/crates.io-index)" = "1217f97ab8e8904b57dd22eb61cde455fa7446a9c1cf43966066da047c1f3702"
"checksum serde_derive 1.0.103 (registry+https://github.com/rust-lang/crates.io-index)" = "a8c6faef9a2e64b0064f48570289b4bf8823b7581f1d6157c1b52152306651d0"
"checksum serde_json 1.0.42 (registry+https://github.com/rust-lang/crates.io-index)" = "1a3351dcbc1f067e2c92ab7c3c1f288ad1a4cffc470b5aaddb4c2e0a3ae80043"
"checksum smallvec 1.0.0 (registry+https://github.com/rust-lang/crates.io-index)" = "4ecf3b85f68e8abaa7555aa5abdb1153079387e60b718283d732f03897fcfc86"
"checksum spectral 0.6.0 (registry+https://github.com/rust-lang/crates.io-index)" = "ae3c15181f4b14e52eeaac3efaeec4d2764716ce9c86da0c934c3e318649c5ba"
"checksum syn 1.0.11 (registry+https://github.com/rust-lang/crates.io-index)" = "dff0acdb207ae2fe6d5976617f887eb1e35a2ba52c13c7234c790960cdad9238"
"checksum target-lexicon 0.11.1 (registry+https://github.com/rust-lang/crates.io-index)" = "4ee5a98e506fb7231a304c3a1bd7c132a55016cf65001e0282480665870dfcb9"
"checksum thiserror 1.0.8 (registry+https://github.com/rust-lang/crates.io-index)" = "f432d035a6b1cac335a6be59688cab5e752d098917d666a19d30b97f576eb732"
"checksum thiserror-impl 1.0.8 (registry+https://github.com/rust-lang/crates.io-index)" = "75c13db8c8b4cbea8e9cc75d2deb0ad2d48861be61ff2cd8dc0a6e505953fc07"
"checksum thread_local 0.3.6 (registry+https://github.com/rust-lang/crates.io-index)" = "c6b53e329000edc2b34dbe8545fd20e55a333362d0a321909685a19bd28c3f1b"
"checksum treeline 0.1.0 (registry+https://github.com/rust-lang/crates.io-index)" = "a7f741b240f1a48843f9b8e0444fb55fb2a4ff67293b50a9179dfd5ea67f8d41"
"checksum unicode-xid 0.2.0 (registry+https://github.com/rust-lang/crates.io-index)" = "826e7639553986605ec5979c7dd957c7895e93eabed50ab2ffa7f6128a75097c"
"checksum version_check 0.1.5 (registry+https://github.com/rust-lang/crates.io-index)" = "914b1a6776c4c929a602fafd8bc742e06365d4bcbe48c30f9cca5824f70dc9dd"
"checksum winapi 0.3.8 (registry+https://github.com/rust-lang/crates.io-index)" = "8093091eeb260906a183e6ae1abdba2ef5ef2257a21801128899c3fc699229c6"
"checksum winapi-i686-pc-windows-gnu 0.4.0 (registry+https://github.com/rust-lang/crates.io-index)" = "ac3b87c63620426dd9b991e5ce0329eff545bccbbb34f3be09ff6fb6ab51b7b6"
"checksum winapi-x86_64-pc-windows-gnu 0.4.0 (registry+https://github.com/rust-lang/crates.io-index)" = "712e227841d057c1ee1cd2fb22fa7e5a5461ae8e48fa2ca79ec42cfc1931183f"
